{
  "originHash" : "9cd373b69e2e7aa38c2446e9b938e8c0f4869c686d669775e23370bfbc2d3087",
  "pins" : [
    {
      "identity" : "swift-docc-plugin",
      "kind" : "remoteSourceControl",
      "location" : "https://github.com/swiftlang/swift-docc-plugin",
      "state" : {
        "revision" : "85e4bb4e1cd62cec64a4b8e769dcefdf0c5b9d64",
        "version" : "1.4.3"
      }
    },
    {
      "identity" : "swift-docc-symbolkit",
      "kind" : "remoteSourceControl",
      "location" : "https://github.com/swiftlang/swift-docc-symbolkit",
      "state" : {
        "revision" : "b45d1f2ed151d057b54504d653e0da5552844e34",
        "version" : "1.0.0"
      }
    },
    {
      "identity" : "xctest-dynamic-overlay",
      "kind" : "remoteSourceControl",
      "location" : "https://github.com/pointfreeco/xctest-dynamic-overlay",
      "state" : {
        "revision" : "39de59b2d47f7ef3ca88a039dff3084688fe27f4",
        "version" : "1.5.2"
      }
    }
  ],
  "version" : 3
}
